// !$*UTF8*$!
{
	archiveVersion = 1;
	classes = {
	};
	objectVersion = 56;
	objects = {

/* Begin PBXBuildFile section */
		F63A94812BEBA9300067ED87 /* AppDelegate.swift in Sources */ = {isa = PBXBuildFile; fileRef = F63A94802BEBA9300067ED87 /* AppDelegate.swift */; };
		F63A94832BEBA9300067ED87 /* SceneDelegate.swift in Sources */ = {isa = PBXBuildFile; fileRef = F63A94822BEBA9300067ED87 /* SceneDelegate.swift */; };
		F63A94882BEBA9300067ED87 /* Base in Resources */ = {isa = PBXBuildFile; fileRef = F63A94872BEBA9300067ED87 /* Base */; };
		F63A948A2BEBA9320067ED87 /* Assets.xcassets in Resources */ = {isa = PBXBuildFile; fileRef = F63A94892BEBA9320067ED87 /* Assets.xcassets */; };
		F63A948D2BEBA9320067ED87 /* Base in Resources */ = {isa = PBXBuildFile; fileRef = F63A948C2BEBA9320067ED87 /* Base */; };
		F63A94952BEBAAA40067ED87 /* Coordinator.swift in Sources */ = {isa = PBXBuildFile; fileRef = F63A94942BEBAAA40067ED87 /* Coordinator.swift */; };
		F63A94972BEBAAB20067ED87 /* MainCoordinator.swift in Sources */ = {isa = PBXBuildFile; fileRef = F63A94962BEBAAB20067ED87 /* MainCoordinator.swift */; };
		F63A94992BEBAD0A0067ED87 /* CoordinatorEvent.swift in Sources */ = {isa = PBXBuildFile; fileRef = F63A94982BEBAD0A0067ED87 /* CoordinatorEvent.swift */; };
		F63A94A52BEBB5860067ED87 /* AccountCoordinator.swift in Sources */ = {isa = PBXBuildFile; fileRef = F63A94A42BEBB5860067ED87 /* AccountCoordinator.swift */; };
		F63A94A72BEBB59F0067ED87 /* ShopCoorinator.swift in Sources */ = {isa = PBXBuildFile; fileRef = F63A94A62BEBB59F0067ED87 /* ShopCoorinator.swift */; };
		F6B9C79B2BEBB642005750C3 /* LoginViewController.swift in Sources */ = {isa = PBXBuildFile; fileRef = F6B9C79A2BEBB642005750C3 /* LoginViewController.swift */; };
		F6B9C79D2BEBB64D005750C3 /* VerifyViewController.swift in Sources */ = {isa = PBXBuildFile; fileRef = F6B9C79C2BEBB64D005750C3 /* VerifyViewController.swift */; };
		F6B9C79F2BEBB66B005750C3 /* ProductViewController.swift in Sources */ = {isa = PBXBuildFile; fileRef = F6B9C79E2BEBB66B005750C3 /* ProductViewController.swift */; };
		F6B9C7A12BEBB677005750C3 /* PaymentViewController.swift in Sources */ = {isa = PBXBuildFile; fileRef = F6B9C7A02BEBB677005750C3 /* PaymentViewController.swift */; };
/* End PBXBuildFile section */

/* Begin PBXFileReference section */
		F63A947D2BEBA9300067ED87 /* CoordinatorDemo.app */ = {isa = PBXFileReference; explicitFileType = wrapper.application; includeInIndex = 0; path = CoordinatorDemo.app; sourceTree = BUILT_PRODUCTS_DIR; };
		F63A94802BEBA9300067ED87 /* AppDelegate.swift */ = {isa = PBXFileReference; lastKnownFileType = sourcecode.swift; path = AppDelegate.swift; sourceTree = "<group>"; };
		F63A94822BEBA9300067ED87 /* SceneDelegate.swift */ = {isa = PBXFileReference; lastKnownFileType = sourcecode.swift; path = SceneDelegate.swift; sourceTree = "<group>"; };
		F63A94872BEBA9300067ED87 /* Base */ = {isa = PBXFileReference; lastKnownFileType = file.storyboard; name = Base; path = Base.lproj/Main.storyboard; sourceTree = "<group>"; };
		F63A94892BEBA9320067ED87 /* Assets.xcassets */ = {isa = PBXFileReference; lastKnownFileType = folder.assetcatalog; path = Assets.xcassets; sourceTree = "<group>"; };
		F63A948C2BEBA9320067ED87 /* Base */ = {isa = PBXFileReference; lastKnownFileType = file.storyboard; name = Base; path = Base.lproj/LaunchScreen.storyboard; sourceTree = "<group>"; };
		F63A948E2BEBA9320067ED87 /* Info.plist */ = {isa = PBXFileReference; lastKnownFileType = text.plist.xml; path = Info.plist; sourceTree = "<group>"; };
		F63A94942BEBAAA40067ED87 /* Coordinator.swift */ = {isa = PBXFileReference; lastKnownFileType = sourcecode.swift; path = Coordinator.swift; sourceTree = "<group>"; };
		F63A94962BEBAAB20067ED87 /* MainCoordinator.swift */ = {isa = PBXFileReference; lastKnownFileType = sourcecode.swift; path = MainCoordinator.swift; sourceTree = "<group>"; };
		F63A94982BEBAD0A0067ED87 /* CoordinatorEvent.swift */ = {isa = PBXFileReference; lastKnownFileType = sourcecode.swift; path = CoordinatorEvent.swift; sourceTree = "<group>"; };
		F63A94A42BEBB5860067ED87 /* AccountCoordinator.swift */ = {isa = PBXFileReference; lastKnownFileType = sourcecode.swift; path = AccountCoordinator.swift; sourceTree = "<group>"; };
		F63A94A62BEBB59F0067ED87 /* ShopCoorinator.swift */ = {isa = PBXFileReference; lastKnownFileType = sourcecode.swift; path = ShopCoorinator.swift; sourceTree = "<group>"; };
		F6B9C79A2BEBB642005750C3 /* LoginViewController.swift */ = {isa = PBXFileReference; lastKnownFileType = sourcecode.swift; path = LoginViewController.swift; sourceTree = "<group>"; };
		F6B9C79C2BEBB64D005750C3 /* VerifyViewController.swift */ = {isa = PBXFileReference; lastKnownFileType = sourcecode.swift; path = VerifyViewController.swift; sourceTree = "<group>"; };
		F6B9C79E2BEBB66B005750C3 /* ProductViewController.swift */ = {isa = PBXFileReference; lastKnownFileType = sourcecode.swift; path = ProductViewController.swift; sourceTree = "<group>"; };
		F6B9C7A02BEBB677005750C3 /* PaymentViewController.swift */ = {isa = PBXFileReference; lastKnownFileType = sourcecode.swift; path = PaymentViewController.swift; sourceTree = "<group>"; };
/* End PBXFileReference section */

/* Begin PBXFrameworksBuildPhase section */
		F63A947A2BEBA9300067ED87 /* Frameworks */ = {
			isa = PBXFrameworksBuildPhase;
			buildActionMask = 2147483647;
			files = (
			);
			runOnlyForDeploymentPostprocessing = 0;
		};
/* End PBXFrameworksBuildPhase section */

/* Begin PBXGroup section */
		F63A94742BEBA9300067ED87 = {
			isa = PBXGroup;
			children = (
				F63A947F2BEBA9300067ED87 /* CoordinatorDemo */,
				F63A947E2BEBA9300067ED87 /* Products */,
			);
			sourceTree = "<group>";
		};
		F63A947E2BEBA9300067ED87 /* Products */ = {
			isa = PBXGroup;
			children = (
				F63A947D2BEBA9300067ED87 /* CoordinatorDemo.app */,
			);
			name = Products;
			sourceTree = "<group>";
		};
		F63A947F2BEBA9300067ED87 /* CoordinatorDemo */ = {
			isa = PBXGroup;
			children = (
				F6B9C7A22BEBB8F1005750C3 /* Coordinator */,
				F63A94802BEBA9300067ED87 /* AppDelegate.swift */,
				F63A94822BEBA9300067ED87 /* SceneDelegate.swift */,
				F63A94862BEBA9300067ED87 /* Main.storyboard */,
				F63A94892BEBA9320067ED87 /* Assets.xcassets */,
				F63A948B2BEBA9320067ED87 /* LaunchScreen.storyboard */,
				F63A948E2BEBA9320067ED87 /* Info.plist */,
				F6B9C79A2BEBB642005750C3 /* LoginViewController.swift */,
				F6B9C79C2BEBB64D005750C3 /* VerifyViewController.swift */,
				F6B9C79E2BEBB66B005750C3 /* ProductViewController.swift */,
				F6B9C7A02BEBB677005750C3 /* PaymentViewController.swift */,
			);
			path = CoordinatorDemo;
			sourceTree = "<group>";
		};
		F6B9C7A22BEBB8F1005750C3 /* Coordinator */ = {
			isa = PBXGroup;
			children = (
				F63A94942BEBAAA40067ED87 /* Coordinator.swift */,
				F63A94982BEBAD0A0067ED87 /* CoordinatorEvent.swift */,
				F63A94962BEBAAB20067ED87 /* MainCoordinator.swift */,
				F63A94A42BEBB5860067ED87 /* AccountCoordinator.swift */,
				F63A94A62BEBB59F0067ED87 /* ShopCoorinator.swift */,
			);
			path = Coordinator;
			sourceTree = "<group>";
		};
/* End PBXGroup section */

/* Begin PBXNativeTarget section */
		F63A947C2BEBA9300067ED87 /* CoordinatorDemo */ = {
			isa = PBXNativeTarget;
			buildConfigurationList = F63A94912BEBA9320067ED87 /* Build configuration list for PBXNativeTarget "CoordinatorDemo" */;
			buildPhases = (
				F63A94792BEBA9300067ED87 /* Sources */,
				F63A947A2BEBA9300067ED87 /* Frameworks */,
				F63A947B2BEBA9300067ED87 /* Resources */,
			);
			buildRules = (
			);
			dependencies = (
			);
			name = CoordinatorDemo;
			productName = CoordinatorDemo;
			productReference = F63A947D2BEBA9300067ED87 /* CoordinatorDemo.app */;
			productType = "com.apple.product-type.application";
		};
/* End PBXNativeTarget section */

/* Begin PBXProject section */
		F63A94752BEBA9300067ED87 /* Project object */ = {
			isa = PBXProject;
			attributes = {
				BuildIndependentTargetsInParallel = 1;
				LastSwiftUpdateCheck = 1530;
				LastUpgradeCheck = 1530;
				TargetAttributes = {
					F63A947C2BEBA9300067ED87 = {
						CreatedOnToolsVersion = 15.3;
					};
				};
			};
			buildConfigurationList = F63A94782BEBA9300067ED87 /* Build configuration list for PBXProject "CoordinatorDemo" */;
			compatibilityVersion = "Xcode 14.0";
			developmentRegion = en;
			hasScannedForEncodings = 0;
			knownRegions = (
				en,
				Base,
			);
			mainGroup = F63A94742BEBA9300067ED87;
			productRefGroup = F63A947E2BEBA9300067ED87 /* Products */;
			projectDirPath = "";
			projectRoot = "";
			targets = (
				F63A947C2BEBA9300067ED87 /* CoordinatorDemo */,
			);
		};
/* End PBXProject section */

/* Begin PBXResourcesBuildPhase section */
		F63A947B2BEBA9300067ED87 /* Resources */ = {
			isa = PBXResourcesBuildPhase;
			buildActionMask = 2147483647;
			files = (
				F63A948A2BEBA9320067ED87 /* Assets.xcassets in Resources */,
				F63A948D2BEBA9320067ED87 /* Base in Resources */,
				F63A94882BEBA9300067ED87 /* Base in Resources */,
			);
			runOnlyForDeploymentPostprocessing = 0;
		};
/* End PBXResourcesBuildPhase section */

/* Begin PBXSourcesBuildPhase section */
		F63A94792BEBA9300067ED87 /* Sources */ = {
			isa = PBXSourcesBuildPhase;
			buildActionMask = 2147483647;
			files = (
				F63A94952BEBAAA40067ED87 /* Coordinator.swift in Sources */,
				F6B9C7A12BEBB677005750C3 /* PaymentViewController.swift in Sources */,
				F63A94A72BEBB59F0067ED87 /* ShopCoorinator.swift in Sources */,
				F63A94A52BEBB5860067ED87 /* AccountCoordinator.swift in Sources */,
				F63A94812BEBA9300067ED87 /* AppDelegate.swift in Sources */,
				F63A94972BEBAAB20067ED87 /* MainCoordinator.swift in Sources */,
				F63A94832BEBA9300067ED87 /* SceneDelegate.swift in Sources */,
				F6B9C79F2BEBB66B005750C3 /* ProductViewController.swift in Sources */,
				F6B9C79D2BEBB64D005750C3 /* VerifyViewController.swift in Sources */,
				F6B9C79B2BEBB642005750C3 /* LoginViewController.swift in Sources */,
				F63A94992BEBAD0A0067ED87 /* CoordinatorEvent.swift in Sources */,
			);
			runOnlyForDeploymentPostprocessing = 0;
		};
/* End PBXSourcesBuildPhase section */

/* Begin PBXVariantGroup section */
		F63A94862BEBA9300067ED87 /* Main.storyboard */ = {
			isa = PBXVariantGroup;
			children = (
				F63A94872BEBA9300067ED87 /* Base */,
			);
			name = Main.storyboard;
			sourceTree = "<group>";
		};
		F63A948B2BEBA9320067ED87 /* LaunchScreen.storyboard */ = {
			isa = PBXVariantGroup;
			children = (
				F63A948C2BEBA9320067ED87 /* Base */,
			);
			name = LaunchScreen.storyboard;
			sourceTree = "<group>";
		};
/* End PBXVariantGroup section */

/* Begin XCBuildConfiguration section */
		F63A948F2BEBA9320067ED87 /* Debug */ = {
			isa = XCBuildConfiguration;
			buildSettings = {
				ALWAYS_SEARCH_USER_PATHS = NO;
				ASSETCATALOG_COMPILER_GENERATE_SWIFT_ASSET_SYMBOL_EXTENSIONS = YES;
				CLANG_ANALYZER_NONNULL = YES;
				CLANG_ANALYZER_NUMBER_OBJECT_CONVERSION = YES_AGGRESSIVE;
				CLANG_CXX_LANGUAGE_STANDARD = "gnu++20";
				CLANG_ENABLE_MODULES = YES;
				CLANG_ENABLE_OBJC_ARC = YES;
				CLANG_ENABLE_OBJC_WEAK = YES;
				CLANG_WARN_BLOCK_CAPTURE_AUTORELEASING = YES;
				CLANG_WARN_BOOL_CONVERSION = YES;
				CLANG_WARN_COMMA = YES;
				CLANG_WARN_CONSTANT_CONVERSION = YES;
				CLANG_WARN_DEPRECATED_OBJC_IMPLEMENTATIONS = YES;
				CLANG_WARN_DIRECT_OBJC_ISA_USAGE = YES_ERROR;
				CLANG_WARN_DOCUMENTATION_COMMENTS = YES;
				CLANG_WARN_EMPTY_BODY = YES;
				CLANG_WARN_ENUM_CONVERSION = YES;
				CLANG_WARN_INFINITE_RECURSION = YES;
				CLANG_WARN_INT_CONVERSION = YES;
				CLANG_WARN_NON_LITERAL_NULL_CONVERSION = YES;
				CLANG_WARN_OBJC_IMPLICIT_RETAIN_SELF = YES;
				CLANG_WARN_OBJC_LITERAL_CONVERSION = YES;
				CLANG_WARN_OBJC_ROOT_CLASS = YES_ERROR;
				CLANG_WARN_QUOTED_INCLUDE_IN_FRAMEWORK_HEADER = YES;
				CLANG_WARN_RANGE_LOOP_ANALYSIS = YES;
				CLANG_WARN_STRICT_PROTOTYPES = YES;
				CLANG_WARN_SUSPICIOUS_MOVE = YES;
				CLANG_WARN_UNGUARDED_AVAILABILITY = YES_AGGRESSIVE;
				CLANG_WARN_UNREACHABLE_CODE = YES;
				CLANG_WARN__DUPLICATE_METHOD_MATCH = YES;
				COPY_PHASE_STRIP = NO;
				DEBUG_INFORMATION_FORMAT = dwarf;
				ENABLE_STRICT_OBJC_MSGSEND = YES;
				ENABLE_TESTABILITY = YES;
				ENABLE_USER_SCRIPT_SANDBOXING = YES;
				GCC_C_LANGUAGE_STANDARD = gnu17;
				GCC_DYNAMIC_NO_PIC = NO;
				GCC_NO_COMMON_BLOCKS = YES;
				GCC_OPTIMIZATION_LEVEL = 0;
				GCC_PREPROCESSOR_DEFINITIONS = (
					"DEBUG=1",
					"$(inherited)",
				);
				GCC_WARN_64_TO_32_BIT_CONVERSION = YES;
				GCC_WARN_ABOUT_RETURN_TYPE = YES_ERROR;
				GCC_WARN_UNDECLARED_SELECTOR = YES;
				GCC_WARN_UNINITIALIZED_AUTOS = YES_AGGRESSIVE;
				GCC_WARN_UNUSED_FUNCTION = YES;
				GCC_WARN_UNUSED_VARIABLE = YES;
				IPHONEOS_DEPLOYMENT_TARGET = 17.4;
				LOCALIZATION_PREFERS_STRING_CATALOGS = YES;
				MTL_ENABLE_DEBUG_INFO = INCLUDE_SOURCE;
				MTL_FAST_MATH = YES;
				ONLY_ACTIVE_ARCH = YES;
				SDKROOT = iphoneos;
				SWIFT_ACTIVE_COMPILATION_CONDITIONS = "DEBUG $(inherited)";
				SWIFT_OPTIMIZATION_LEVEL = "-Onone";
			};
			name = Debug;
		};
		F63A94902BEBA9320067ED87 /* Release */ = {
			isa = XCBuildConfiguration;
			buildSettings = {
				ALWAYS_SEARCH_USER_PATHS = NO;
				ASSETCATALOG_COMPILER_GENERATE_SWIFT_ASSET_SYMBOL_EXTENSIONS = YES;
				CLANG_ANALYZER_NONNULL = YES;
				CLANG_ANALYZER_NUMBER_OBJECT_CONVERSION = YES_AGGRESSIVE;
				CLANG_CXX_LANGUAGE_STANDARD = "gnu++20";
				CLANG_ENABLE_MODULES = YES;
				CLANG_ENABLE_OBJC_ARC = YES;
				CLANG_ENABLE_OBJC_WEAK = YES;
				CLANG_WARN_BLOCK_CAPTURE_AUTORELEASING = YES;
				CLANG_WARN_BOOL_CONVERSION = YES;
				CLANG_WARN_COMMA = YES;
				CLANG_WARN_CONSTANT_CONVERSION = YES;
				CLANG_WARN_DEPRECATED_OBJC_IMPLEMENTATIONS = YES;
				CLANG_WARN_DIRECT_OBJC_ISA_USAGE = YES_ERROR;
				CLANG_WARN_DOCUMENTATION_COMMENTS = YES;
				CLANG_WARN_EMPTY_BODY = YES;
				CLANG_WARN_ENUM_CONVERSION = YES;
				CLANG_WARN_INFINITE_RECURSION = YES;
				CLANG_WARN_INT_CONVERSION = YES;
				CLANG_WARN_NON_LITERAL_NULL_CONVERSION = YES;
				CLANG_WARN_OBJC_IMPLICIT_RETAIN_SELF = YES;
				CLANG_WARN_OBJC_LITERAL_CONVERSION = YES;
				CLANG_WARN_OBJC_ROOT_CLASS = YES_ERROR;
				CLANG_WARN_QUOTED_INCLUDE_IN_FRAMEWORK_HEADER = YES;
				CLANG_WARN_RANGE_LOOP_ANALYSIS = YES;
				CLANG_WARN_STRICT_PROTOTYPES = YES;
				CLANG_WARN_SUSPICIOUS_MOVE = YES;
				CLANG_WARN_UNGUARDED_AVAILABILITY = YES_AGGRESSIVE;
				CLANG_WARN_UNREACHABLE_CODE = YES;
				CLANG_WARN__DUPLICATE_METHOD_MATCH = YES;
				COPY_PHASE_STRIP = NO;
				DEBUG_INFORMATION_FORMAT = "dwarf-with-dsym";
				ENABLE_NS_ASSERTIONS = NO;
				ENABLE_STRICT_OBJC_MSGSEND = YES;
				ENABLE_USER_SCRIPT_SANDBOXING = YES;
				GCC_C_LANGUAGE_STANDARD = gnu17;
				GCC_NO_COMMON_BLOCKS = YES;
				GCC_WARN_64_TO_32_BIT_CONVERSION = YES;
				GCC_WARN_ABOUT_RETURN_TYPE = YES_ERROR;
				GCC_WARN_UNDECLARED_SELECTOR = YES;
				GCC_WARN_UNINITIALIZED_AUTOS = YES_AGGRESSIVE;
				GCC_WARN_UNUSED_FUNCTION = YES;
				GCC_WARN_UNUSED_VARIABLE = YES;
				IPHONEOS_DEPLOYMENT_TARGET = 17.4;
				LOCALIZATION_PREFERS_STRING_CATALOGS = YES;
				MTL_ENABLE_DEBUG_INFO = NO;
				MTL_FAST_MATH = YES;
				SDKROOT = iphoneos;
				SWIFT_COMPILATION_MODE = wholemodule;
				VALIDATE_PRODUCT = YES;
			};
			name = Release;
		};
		F63A94922BEBA9320067ED87 /* Debug */ = {
			isa = XCBuildConfiguration;
			buildSettings = {
				ASSETCATALOG_COMPILER_APPICON_NAME = AppIcon;
				ASSETCATALOG_COMPILER_GLOBAL_ACCENT_COLOR_NAME = AccentColor;
				CODE_SIGN_STYLE = Automatic;
				CURRENT_PROJECT_VERSION = 1;
				DEVELOPMENT_TEAM = VZ8JQY42E8;
				GENERATE_INFOPLIST_FILE = YES;
				INFOPLIST_FILE = CoordinatorDemo/Info.plist;
				INFOPLIST_KEY_UIApplicationSupportsIndirectInputEvents = YES;
				INFOPLIST_KEY_UILaunchStoryboardName = LaunchScreen;
				INFOPLIST_KEY_UIMainStoryboardFile = Main;
				INFOPLIST_KEY_UISupportedInterfaceOrientations_iPad = "UIInterfaceOrientationPortrait UIInterfaceOrientationPortraitUpsideDown UIInterfaceOrientationLandscapeLeft UIInterfaceOrientationLandscapeRight";
				INFOPLIST_KEY_UISupportedInterfaceOrientations_iPhone = "UIInterfaceOrientationPortrait UIInterfaceOrientationLandscapeLeft UIInterfaceOrientationLandscapeRight";
				LD_RUNPATH_SEARCH_PATHS = (
					"$(inherited)",
					"@executable_path/Frameworks",
				);
				MARKETING_VERSION = 1.0;
				PRODUCT_BUNDLE_IDENTIFIER = com.hueiderhuang.CoordinatorDemo;
				PRODUCT_NAME = "$(TARGET_NAME)";
				SWIFT_EMIT_LOC_STRINGS = YES;
				SWIFT_VERSION = 5.0;
				TARGETED_DEVICE_FAMILY = "1,2";
			};
			name = Debug;
		};
		F63A94932BEBA9320067ED87 /* Release */ = {
			isa = XCBuildConfiguration;
			buildSettings = {
				ASSETCATALOG_COMPILER_APPICON_NAME = AppIcon;
				ASSETCATALOG_COMPILER_GLOBAL_ACCENT_COLOR_NAME = AccentColor;
				CODE_SIGN_STYLE = Automatic;
				CURRENT_PROJECT_VERSION = 1;
				DEVELOPMENT_TEAM = VZ8JQY42E8;
				GENERATE_INFOPLIST_FILE = YES;
				INFOPLIST_FILE = CoordinatorDemo/Info.plist;
				INFOPLIST_KEY_UIApplicationSupportsIndirectInputEvents = YES;
				INFOPLIST_KEY_UILaunchStoryboardName = LaunchScreen;
				INFOPLIST_KEY_UIMainStoryboardFile = Main;
				INFOPLIST_KEY_UISupportedInterfaceOrientations_iPad = "UIInterfaceOrientationPortrait UIInterfaceOrientationPortraitUpsideDown UIInterfaceOrientationLandscapeLeft UIInterfaceOrientationLandscapeRight";
				INFOPLIST_KEY_UISupportedInterfaceOrientations_iPhone = "UIInterfaceOrientationPortrait UIInterfaceOrientationLandscapeLeft UIInterfaceOrientationLandscapeRight";
				LD_RUNPATH_SEARCH_PATHS = (
					"$(inherited)",
					"@executable_path/Frameworks",
				);
				MARKETING_VERSION = 1.0;
				PRODUCT_BUNDLE_IDENTIFIER = com.hueiderhuang.CoordinatorDemo;
				PRODUCT_NAME = "$(TARGET_NAME)";
				SWIFT_EMIT_LOC_STRINGS = YES;
				SWIFT_VERSION = 5.0;
				TARGETED_DEVICE_FAMILY = "1,2";
			};
			name = Release;
		};
/* End XCBuildConfiguration section */

/* Begin XCConfigurationList section */
		F63A94782BEBA9300067ED87 /* Build configuration list for PBXProject "CoordinatorDemo" */ = {
			isa = XCConfigurationList;
			buildConfigurations = (
				F63A948F2BEBA9320067ED87 /* Debug */,
				F63A94902BEBA9320067ED87 /* Release */,
			);
			defaultConfigurationIsVisible = 0;
			defaultConfigurationName = Release;
		};
		F63A94912BEBA9320067ED87 /* Build configuration list for PBXNativeTarget "CoordinatorDemo" */ = {
			isa = XCConfigurationList;
			buildConfigurations = (
				F63A94922BEBA9320067ED87 /* Debug */,
				F63A94932BEBA9320067ED87 /* Release */,
			);
			defaultConfigurationIsVisible = 0;
			defaultConfigurationName = Release;
		};
/* End XCConfigurationList section */
	};
	rootObject = F63A94752BEBA9300067ED87 /* Project object */;
}
